lockfileVersion: '9.0'

settings:
  autoInstallPeers: true
  excludeLinksFromLockfile: false

importers:

  .:
    dependencies:
      fast-glob:
        specifier: ^3.3.3
        version: 3.3.3
      json5:
        specifier: ^2.2.3
        version: 2.2.3
      yaml:
        specifier: ^2.7.0
        version: 2.7.0
    devDependencies:
      '@biomejs/biome':
        specifier: ^1.9.4
        version: 1.9.4
      '@playwright/test':
        specifier: ^1.50.1
        version: 1.50.1
      '@rsbuild/core':
        specifier: ^1.2.14
        version: 1.2.14
      '@rsbuild/plugin-react':
        specifier: ^1.1.1
        version: 1.1.1(@rsbuild/core@1.2.14)
      '@rsbuild/plugin-type-check':
        specifier: ^1.2.1
        version: 1.2.1(@rsbuild/core@1.2.14)(@rspack/core@1.2.5(@swc/helpers@0.5.15))(typescript@5.8.2)
      '@rslib/core':
        specifier: ^0.5.2
        version: 0.5.2(typescript@5.8.2)
      '@types/node':
        specifier: ^22.13.8
        version: 22.13.8
      '@types/react':
        specifier: ^18.3.18
        version: 18.3.18
      '@types/react-dom':
        specifier: ^18.3.5
        version: 18.3.5(@types/react@18.3.18)
      nano-staged:
        specifier: ^0.8.0
        version: 0.8.0
      playwright:
        specifier: ^1.50.1
        version: 1.50.1
      react:
        specifier: ^18.3.1
        version: 18.3.1
      react-dom:
        specifier: ^18.3.1
        version: 18.3.1(react@18.3.1)
      simple-git-hooks:
        specifier: ^2.11.1
        version: 2.11.1
      typescript:
        specifier: ^5.8.2
        version: 5.8.2

  playground: {}

  test/app:
    dependencies:
      '@e2e/source-build-components':
        specifier: workspace:*
        version: link:../components
      '@rsbuild/plugin-source-build':
        specifier: workspace:*
        version: link:../..

  test/components:
    dependencies:
      '@e2e/source-build-utils':
        specifier: workspace:*
        version: link:../utils
      '@e2e/source-build-utils2':
        specifier: workspace:*
        version: link:../utils2

  test/utils: {}

  test/utils2: {}

packages:

  '@ast-grep/napi-darwin-arm64@0.35.0':
    resolution: {integrity: sha512-T+MN4Oinc+sXjXCIHzfxDDWY7r2pKgPxM6zVeVlkMTrJV2mJtyKYBIS+CABhRM6kflps2T2I6l4DGaKV/8Ym9w==}
    engines: {node: '>= 10'}
    cpu: [arm64]
    os: [darwin]

  '@ast-grep/napi-darwin-x64@0.35.0':
    resolution: {integrity: sha512-pEYiN6JI1HY2uWhMYJ9+3yIMyVYKuYdFzeD+dL7odA3qzK0o9N9AM3/NOt4ynU2EhufaWCJr0P5NoQ636qN6MQ==}
    engines: {node: '>= 10'}
    cpu: [x64]
    os: [darwin]

  '@ast-grep/napi-linux-arm64-gnu@0.35.0':
    resolution: {integrity: sha512-NBuzQngABGKz7lhG08IQb+7nPqUx81Ol37xmS3ZhVSdSgM0mtp93rCbgFTkJcAFE8IMfCHQSg7G4g0Iotz4ABQ==}
    engines: {node: '>= 10'}
    cpu: [arm64]
    os: [linux]

  '@ast-grep/napi-linux-arm64-musl@0.35.0':
    resolution: {integrity: sha512-1EcvHPwyWpCL/96LuItBYGfeI5FaMTRvL+dHbO/hL5q1npqbb5qn+ppJwtNOjTPz8tayvgggxVk9T4C2O7taYA==}
    engines: {node: '>= 10'}
    cpu: [arm64]
    os: [linux]

  '@ast-grep/napi-linux-x64-gnu@0.35.0':
    resolution: {integrity: sha512-FDzNdlqmQnsiWXhnLxusw5AOfEcEM+5xtmrnAf3SBRFr86JyWD9qsynnFYC2pnP9hlMfifNH2TTmMpyGJW49Xw==}
    engines: {node: '>= 10'}
    cpu: [x64]
    os: [linux]

  '@ast-grep/napi-linux-x64-musl@0.35.0':
    resolution: {integrity: sha512-wlmndjfBafT8u5p4DBnoRQyoCSGNuVSz7rT3TqhvlHcPzUouRWMn95epU9B1LNLyjXvr9xHeRjSktyCN28w57Q==}
    engines: {node: '>= 10'}
    cpu: [x64]
    os: [linux]

  '@ast-grep/napi-win32-arm64-msvc@0.35.0':
    resolution: {integrity: sha512-gkhJeYc4rrZLX2icLxalPikTLMR57DuIYLwLr9g+StHYXIsGHrbfrE6Nnbdd8Izfs34ArFCrcwdaMrGlvOPSeg==}
    engines: {node: '>= 10'}
    cpu: [arm64]
    os: [win32]

  '@ast-grep/napi-win32-ia32-msvc@0.35.0':
    resolution: {integrity: sha512-OdUuRa3chHCZ65y+qALfkUjz0W0Eg21YZ9TyPquV5why07M6HAK38mmYGzLxFH6294SvRQhs+FA/rAfbKeH0jA==}
    engines: {node: '>= 10'}
    cpu: [ia32]
    os: [win32]

  '@ast-grep/napi-win32-x64-msvc@0.35.0':
    resolution: {integrity: sha512-pcQRUHqbroTN1oQ56V982a7IZTUUySQYWa2KEyksiifHGuBuitlzcyzFGjT96ThcqD9XW0UVJMvpoF2Qjh006Q==}
    engines: {node: '>= 10'}
    cpu: [x64]
    os: [win32]

  '@ast-grep/napi@0.35.0':
    resolution: {integrity: sha512-3ucaaSxV6fxXoqHrE/rxAvP1THnDdY5jNzGlnvx+JvnY9C/dSRKc0jlRMRz59N3El572+/yNRUUpAV1T9aBJug==}
    engines: {node: '>= 10'}

  '@babel/code-frame@7.24.7':
    resolution: {integrity: sha512-BcYH1CVJBO9tvyIZ2jVeXgSIMvGZ2FDRvDdOIVQyuklNKSsx+eppDEBq/g47Ayw+RqNFE+URvOShmf+f/qwAlA==}
    engines: {node: '>=6.9.0'}

  '@babel/helper-validator-identifier@7.24.7':
    resolution: {integrity: sha512-rR+PBcQ1SMQDDyF6X0wxtG8QyLCgUB0eRAGguqRLfkCA87l7yAP7ehq8SNj96OOGTO8OBV70KhuFYcIkHXOg0w==}
    engines: {node: '>=6.9.0'}

  '@babel/highlight@7.24.7':
    resolution: {integrity: sha512-EStJpq4OuY8xYfhGVXngigBJRWxftKX9ksiGDnmlY3o7B/V7KIAc9X4oiK87uPJSc/vs5L869bem5fhZa8caZw==}
    engines: {node: '>=6.9.0'}

  '@biomejs/biome@1.9.4':
    resolution: {integrity: sha512-1rkd7G70+o9KkTn5KLmDYXihGoTaIGO9PIIN2ZB7UJxFrWw04CZHPYiMRjYsaDvVV7hP1dYNRLxSANLaBFGpog==}
    engines: {node: '>=14.21.3'}
    hasBin: true

  '@biomejs/cli-darwin-arm64@1.9.4':
    resolution: {integrity: sha512-bFBsPWrNvkdKrNCYeAp+xo2HecOGPAy9WyNyB/jKnnedgzl4W4Hb9ZMzYNbf8dMCGmUdSavlYHiR01QaYR58cw==}
    engines: {node: '>=14.21.3'}
    cpu: [arm64]
    os: [darwin]

  '@biomejs/cli-darwin-x64@1.9.4':
    resolution: {integrity: sha512-ngYBh/+bEedqkSevPVhLP4QfVPCpb+4BBe2p7Xs32dBgs7rh9nY2AIYUL6BgLw1JVXV8GlpKmb/hNiuIxfPfZg==}
    engines: {node: '>=14.21.3'}
    cpu: [x64]
    os: [darwin]

  '@biomejs/cli-linux-arm64-musl@1.9.4':
    resolution: {integrity: sha512-v665Ct9WCRjGa8+kTr0CzApU0+XXtRgwmzIf1SeKSGAv+2scAlW6JR5PMFo6FzqqZ64Po79cKODKf3/AAmECqA==}
    engines: {node: '>=14.21.3'}
    cpu: [arm64]
    os: [linux]

  '@biomejs/cli-linux-arm64@1.9.4':
    resolution: {integrity: sha512-fJIW0+LYujdjUgJJuwesP4EjIBl/N/TcOX3IvIHJQNsAqvV2CHIogsmA94BPG6jZATS4Hi+xv4SkBBQSt1N4/g==}
    engines: {node: '>=14.21.3'}
    cpu: [arm64]
    os: [linux]

  '@biomejs/cli-linux-x64-musl@1.9.4':
    resolution: {integrity: sha512-gEhi/jSBhZ2m6wjV530Yy8+fNqG8PAinM3oV7CyO+6c3CEh16Eizm21uHVsyVBEB6RIM8JHIl6AGYCv6Q6Q9Tg==}
    engines: {node: '>=14.21.3'}
    cpu: [x64]
    os: [linux]

  '@biomejs/cli-linux-x64@1.9.4':
    resolution: {integrity: sha512-lRCJv/Vi3Vlwmbd6K+oQ0KhLHMAysN8lXoCI7XeHlxaajk06u7G+UsFSO01NAs5iYuWKmVZjmiOzJ0OJmGsMwg==}
    engines: {node: '>=14.21.3'}
    cpu: [x64]
    os: [linux]

  '@biomejs/cli-win32-arm64@1.9.4':
    resolution: {integrity: sha512-tlbhLk+WXZmgwoIKwHIHEBZUwxml7bRJgk0X2sPyNR3S93cdRq6XulAZRQJ17FYGGzWne0fgrXBKpl7l4M87Hg==}
    engines: {node: '>=14.21.3'}
    cpu: [arm64]
    os: [win32]

  '@biomejs/cli-win32-x64@1.9.4':
    resolution: {integrity: sha512-8Y5wMhVIPaWe6jw2H+KlEm4wP/f7EW3810ZLmDlrEEy5KvBsb9ECEfu/kMWD484ijfQ8+nIi0giMgu9g1UAuuA==}
    engines: {node: '>=14.21.3'}
    cpu: [x64]
    os: [win32]

  '@jridgewell/sourcemap-codec@1.5.0':
    resolution: {integrity: sha512-gv3ZRaISU3fjPAgNsriBRqGWQL6quFx04YMPW/zD8XMLsU32mhCCbfbO6KZFLjvYpCZ8zyDEgqsgf+PwPaM7GQ==}

  '@jsonjoy.com/base64@1.1.2':
    resolution: {integrity: sha512-q6XAnWQDIMA3+FTiOYajoYqySkO+JSat0ytXGSuRdq9uXE7o92gzuQwQM14xaCRlBLGq3v5miDGC4vkVTn54xA==}
    engines: {node: '>=10.0'}
    peerDependencies:
      tslib: '2'

  '@jsonjoy.com/json-pack@1.1.0':
    resolution: {integrity: sha512-zlQONA+msXPPwHWZMKFVS78ewFczIll5lXiVPwFPCZUsrOKdxc2AvxU1HoNBmMRhqDZUR9HkC3UOm+6pME6Xsg==}
    engines: {node: '>=10.0'}
    peerDependencies:
      tslib: '2'

  '@jsonjoy.com/util@1.5.0':
    resolution: {integrity: sha512-ojoNsrIuPI9g6o8UxhraZQSyF2ByJanAY4cTFbc8Mf2AXEF4aQRGY1dJxyJpuyav8r9FGflEt/Ff3u5Nt6YMPA==}
    engines: {node: '>=10.0'}
    peerDependencies:
      tslib: '2'

  '@module-federation/error-codes@0.8.4':
    resolution: {integrity: sha512-55LYmrDdKb4jt+qr8qE8U3al62ZANp3FhfVaNPOaAmdTh0jHdD8M3yf5HKFlr5xVkVO4eV/F/J2NCfpbh+pEXQ==}

  '@module-federation/runtime-tools@0.8.4':
    resolution: {integrity: sha512-fjVOsItJ1u5YY6E9FnS56UDwZgqEQUrWFnouRiPtK123LUuqUI9FH4redZoKWlE1PB0ir1Z3tnqy8eFYzPO38Q==}

  '@module-federation/runtime@0.8.4':
    resolution: {integrity: sha512-yZeZ7z2Rx4gv/0E97oLTF3V6N25vglmwXGgoeju/W2YjsFvWzVtCDI7zRRb0mJhU6+jmSM8jP1DeQGbea/AiZQ==}

  '@module-federation/sdk@0.8.4':
    resolution: {integrity: sha512-waABomIjg/5m1rPDBWYG4KUhS5r7OUUY7S+avpaVIY/tkPWB3ibRDKy2dNLLAMaLKq0u+B1qIdEp4NIWkqhqpg==}

  '@module-federation/webpack-bundler-runtime@0.8.4':
    resolution: {integrity: sha512-HggROJhvHPUX7uqBD/XlajGygMNM1DG0+4OAkk8MBQe4a18QzrRNzZt6XQbRTSG4OaEoyRWhQHvYD3Yps405tQ==}

  '@nodelib/fs.scandir@2.1.5':
    resolution: {integrity: sha512-vq24Bq3ym5HEQm2NKCr3yXDwjc7vTsEThRDnkp2DK9p1uqLR+DHurm/NOTo0KG7HYHU7eppKZj3MyqYuMBf62g==}
    engines: {node: '>= 8'}

  '@nodelib/fs.stat@2.0.5':
    resolution: {integrity: sha512-RkhPPp2zrqDAQA/2jNhnztcPAlv64XdhIp7a7454A5ovI7Bukxgt7MX7udwAu3zg1DcpPU0rz3VV1SeaqvY4+A==}
    engines: {node: '>= 8'}

  '@nodelib/fs.walk@1.2.8':
    resolution: {integrity: sha512-oGB+UxlgWcgQkgwo8GcEGwemoTFt3FIO9ababBmaGwXIoBKZ+GTy0pP185beGg7Llih/NSHSV2XAs1lnznocSg==}
    engines: {node: '>= 8'}

  '@playwright/test@1.50.1':
    resolution: {integrity: sha512-Jii3aBg+CEDpgnuDxEp/h7BimHcUTDlpEtce89xEumlJ5ef2hqepZ+PWp1DDpYC/VO9fmWVI1IlEaoI5fK9FXQ==}
    engines: {node: '>=18'}
    hasBin: true

  '@rsbuild/core@1.2.14':
    resolution: {integrity: sha512-G8AqvCHBhs8Yt7pOQuS5YYjdYozp436ohaLr1iAMB/Jw01VNFh4u1tpShudRnw3NPmHhJ82wBaEu1zNaJ0VsKg==}
    engines: {node: '>=16.7.0'}
    hasBin: true

  '@rsbuild/plugin-react@1.1.1':
    resolution: {integrity: sha512-gkATKrOQauXMMtrYA5jbTQkhmYTE0VXoknPLtVpiXtwDbBUwgX23LFf1XJ51YOwqYpP7g5SfPEMgD2FENtCq0A==}
    peerDependencies:
      '@rsbuild/core': 1.x

  '@rsbuild/plugin-type-check@1.2.1':
    resolution: {integrity: sha512-PtbjeMqDQy8IiPDTuaj8ZmvR42b0AsRq6RUF6wxa8dDsOzD0Dl1GcvemVGCto+/Dh8frLUmnlWF+T8riBw5rtA==}
    peerDependencies:
      '@rsbuild/core': 1.x
    peerDependenciesMeta:
      '@rsbuild/core':
        optional: true

  '@rslib/core@0.5.2':
    resolution: {integrity: sha512-cOeks7bS+v6VOGeGt+cWtkxD6WyCJuqPHjB+/LI1F6fGR+y6bA0py1jCpXu7yFrAOqH2+qArcBvQKcAfepyhGg==}
    engines: {node: '>=16.7.0'}
    hasBin: true
    peerDependencies:
      '@microsoft/api-extractor': ^7
      typescript: ^5
    peerDependenciesMeta:
      '@microsoft/api-extractor':
        optional: true
      typescript:
        optional: true

  '@rspack/binding-darwin-arm64@1.2.5':
    resolution: {integrity: sha512-ou0NXMLp6RxY9Bx8P9lA8ArVjz/WAI/gSu5kKrdKKtMs6WKutl4vvP9A4HHZnISd9Tn00dlvDwNeNSUR7fjoDQ==}
    cpu: [arm64]
    os: [darwin]

  '@rspack/binding-darwin-x64@1.2.5':
    resolution: {integrity: sha512-RdvH9YongQlDE9+T2Xh5D2+dyiLHx2Gz38Af1uObyBRNWjF1qbuR51hOas0f2NFUdyA03j1+HWZCbE7yZrmI3w==}
    cpu: [x64]
    os: [darwin]

  '@rspack/binding-linux-arm64-gnu@1.2.5':
    resolution: {integrity: sha512-jznk/CI/wN93fr8I1j3la/CAiGf8aG7ZHIpRBtT4CkNze0c5BcF3AaJVSBHVNQqgSv0qddxMt3SADpzV8rWZ6g==}
    cpu: [arm64]
    os: [linux]

  '@rspack/binding-linux-arm64-musl@1.2.5':
    resolution: {integrity: sha512-oYzcaJ0xjb1fWbbtPmjjPXeehExEgwJ8fEGYQ5TikB+p9oCLkAghnNjsz9evUhgjByxi+NTZ1YmUNwxRuQDY1Q==}
    cpu: [arm64]
    os: [linux]

  '@rspack/binding-linux-x64-gnu@1.2.5':
    resolution: {integrity: sha512-dzEKs8oi86Vi+TFRCPpgmfF5ANL0VmlZN45e1An7HipeI2C5B1xrz/H8V43vPy8XEvQuMmkXO6Sp82A0zlHvIA==}
    cpu: [x64]
    os: [linux]

  '@rspack/binding-linux-x64-musl@1.2.5':
    resolution: {integrity: sha512-4ENeVPVSD97rRRGr6kJSm4sIPf1tKJ8vlr9hJi4sSvF7eMLWipSwIVmqRXJ2riVMRjYD2einmJ9KzI8rqQ2OwA==}
    cpu: [x64]
    os: [linux]

  '@rspack/binding-win32-arm64-msvc@1.2.5':
    resolution: {integrity: sha512-WUoJvX/z43MWeW1JKAQIxdvqH02oLzbaGMCzIikvniZnakQovYLPH6tCYh7qD3p7uQsm+IafFddhFxTtogC3pg==}
    cpu: [arm64]
    os: [win32]

  '@rspack/binding-win32-ia32-msvc@1.2.5':
    resolution: {integrity: sha512-YzPvmt/gpiacE6aAacz4dxgEbNWwoKYPaT4WYy/oITobnAui++iCFXC4IICSmlpoA1y7O8K3Qb9jbaB/lLhbwA==}
    cpu: [ia32]
    os: [win32]

  '@rspack/binding-win32-x64-msvc@1.2.5':
    resolution: {integrity: sha512-QDDshfteMZiglllm7WUh/ITemFNuexwn1Yul7cHBFGQu6HqtqKNAR0kGR8J3e15MPMlinSaygVpfRE4A0KPmjQ==}
    cpu: [x64]
    os: [win32]

  '@rspack/binding@1.2.5':
    resolution: {integrity: sha512-q9vQmGDFZyFVMULwOFL7488WNSgn4ue94R/njDLMMIPF4K0oEJP2QT02elfG4KVGv2CbP63D7vEFN4ZNreo/Rw==}

  '@rspack/core@1.2.5':
    resolution: {integrity: sha512-x/riOl05gOVGgGQFimBqS5i8XbUpBxPIKUC+tDX4hmNNkzxRaGpspZfNtcL+1HBMyYuoM6fOWGyCp2R290Uy6g==}
    engines: {node: '>=16.0.0'}
    peerDependencies:
      '@rspack/tracing': ^1.x
      '@swc/helpers': '>=0.5.1'
    peerDependenciesMeta:
      '@rspack/tracing':
        optional: true
      '@swc/helpers':
        optional: true

  '@rspack/lite-tapable@1.0.1':
    resolution: {integrity: sha512-VynGOEsVw2s8TAlLf/uESfrgfrq2+rcXB1muPJYBWbsm1Oa6r5qVQhjA5ggM6z/coYPrsVMgovl3Ff7Q7OCp1w==}
    engines: {node: '>=16.0.0'}

  '@rspack/plugin-react-refresh@1.0.1':
    resolution: {integrity: sha512-KSBc3bsr3mrAPViv7w9MpE9KEWm6q87EyRXyHlRfJ9PpQ56NbX9KZ7AXo7jPeECb0q5sfpM2PSEf+syBiMgLSw==}
    peerDependencies:
      react-refresh: '>=0.10.0 <1.0.0'
    peerDependenciesMeta:
      react-refresh:
        optional: true

  '@swc/helpers@0.5.15':
    resolution: {integrity: sha512-JQ5TuMi45Owi4/BIMAJBoSQoOJu12oOk/gADqlcUL9JEdHB8vyjUSsxqeNXnmXHjYKMi2WcYtezGEEhqUI/E2g==}

  '@types/node@22.13.8':
    resolution: {integrity: sha512-G3EfaZS+iOGYWLLRCEAXdWK9my08oHNZ+FHluRiggIYJPOXzhOiDgpVCUHaUvyIC5/fj7C/p637jdzC666AOKQ==}

  '@types/prop-types@15.7.12':
    resolution: {integrity: sha512-5zvhXYtRNRluoE/jAp4GVsSduVUzNWKkOZrCDBWYtE7biZywwdC2AcEzg+cSMLFRfVgeAFqpfNabiPjxFddV1Q==}

  '@types/react-dom@18.3.5':
    resolution: {integrity: sha512-P4t6saawp+b/dFrUr2cvkVsfvPguwsxtH6dNIYRllMsefqFzkZk5UIjzyDOv5g1dXIPdG4Sp1yCR4Z6RCUsG/Q==}
    peerDependencies:
      '@types/react': ^18.0.0

  '@types/react@18.3.18':
    resolution: {integrity: sha512-t4yC+vtgnkYjNSKlFx1jkAhH8LgTo2N/7Qvi83kdEaUtMDiwpbLAktKDaAMlRcJ5eSxZkH74eEGt1ky31d7kfQ==}

  ansi-styles@3.2.1:
    resolution: {integrity: sha512-VT0ZI6kZRdTh8YyJw3SMbYm/u+NqfsAxEpWO0Pf9sq8/e94WxxOpPKx9FR1FlyCtOVDNOQ+8ntlqFxiRc+r5qA==}
    engines: {node: '>=4'}

  anymatch@3.1.3:
    resolution: {integrity: sha512-KMReFUr0B4t+D+OBkjR3KYqvocp2XaSzO55UcB6mgQMd3KbcE+mWTyvVV7D/zsdEbNnV6acZUutkiHQXvTr1Rw==}
    engines: {node: '>= 8'}

  balanced-match@1.0.2:
    resolution: {integrity: sha512-3oSeUO0TMV67hN1AmbXsK4yaqU7tjiHlbxRDZOpH0KW9+CeX4bRAaX0Anxt0tx2MrpRpWwQaPwIlISEJhYU5Pw==}

  binary-extensions@2.3.0:
    resolution: {integrity: sha512-Ceh+7ox5qe7LJuLHoY0feh3pHuUDHAcRUeyL2VYghZwfpkNIy/+8Ocg0a3UuSoYzavmylwuLWQOf3hl0jjMMIw==}
    engines: {node: '>=8'}

  brace-expansion@2.0.1:
    resolution: {integrity: sha512-XnAIvQ8eM+kC6aULx6wuQiwVsnzsi9d3WxzV3FpWTGA19F621kwdbsAcFKXgKUHZWsy+mY6iL1sHTxWEFCytDA==}

  braces@3.0.2:
    resolution: {integrity: sha512-b8um+L1RzM3WDSzvhm6gIz1yfTbBt6YTlcEKAvsmqCZZFw46z626lVj9j1yEPW33H5H+lBQpZMP1k8l+78Ha0A==}
    engines: {node: '>=8'}

  braces@3.0.3:
    resolution: {integrity: sha512-yQbXgO/OSZVD2IsiLlro+7Hf6Q18EJrKSEsdoMzKePKXct3gvD8oLcOQdIzGupr5Fj+EDe8gO/lxc1BzfMpxvA==}
    engines: {node: '>=8'}

  caniuse-lite@1.0.30001650:
    resolution: {integrity: sha512-fgEc7hP/LB7iicdXHUI9VsBsMZmUmlVJeQP2qqQW+3lkqVhbmjEU8zp+h5stWeilX+G7uXuIUIIlWlDw9jdt8g==}

  chalk@2.4.2:
    resolution: {integrity: sha512-Mti+f9lpJNcwF4tWV8/OrTTtF1gZi+f8FqlyAdouralcFWFQWF2+NgCHShjkCb+IFBLq9buZwE1xckQU4peSuQ==}
    engines: {node: '>=4'}

  chokidar@3.6.0:
    resolution: {integrity: sha512-7VT13fmjotKpGipCW9JEQAusEPE+Ei8nl6/g4FBAmIm0GOOLMua9NDDo/DWp0ZAxCr3cPq5ZpBqmPAQgDda2Pw==}
    engines: {node: '>= 8.10.0'}

  color-convert@1.9.3:
    resolution: {integrity: sha512-QfAUtd+vFdAtFQcC8CCyYt1fYWxSqAiK2cSD6zDB8N3cpsEBAvRxp9zOGg6G/SHHJYAT88/az/IuDGALsNVbGg==}

  color-name@1.1.3:
    resolution: {integrity: sha512-72fSenhMw2HZMTVHeCA9KCmpEIbzWiQsjN+BHcBbS9vr1mtt+vJjPdksIBNUmKAW8TFUDPJK5SUU3QhE9NEXDw==}

  core-js@3.40.0:
    resolution: {integrity: sha512-7vsMc/Lty6AGnn7uFpYT56QesI5D2Y/UkgKounk87OP9Z2H9Z8kj6jzcSGAxFmUtDOS0ntK6lbQz+Nsa0Jj6mQ==}

  csstype@3.1.3:
    resolution: {integrity: sha512-M1uQkMl8rQK/szD0LNhtqxIPLpimGm8sOBwU7lLnCpSbTyY3yeU1Vc7l4KT5zT4s/yOxHH5O7tIuuLOCnLADRw==}

  deepmerge@4.3.1:
    resolution: {integrity: sha512-3sUqbMEc77XqpdNO7FRyRog+eW3ph+GYCbj+rK+uYyRMuwsVy0rMiVtPn+QJlKFvWP/1PYpapqYn0Me2knFn+A==}
    engines: {node: '>=0.10.0'}

  error-stack-parser@2.1.4:
    resolution: {integrity: sha512-Sk5V6wVazPhq5MhpO+AUxJn5x7XSXGl1R93Vn7i+zS15KDVxQijejNCrz8340/2bgLBjR9GtEG8ZVKONDjcqGQ==}

  escape-string-regexp@1.0.5:
    resolution: {integrity: sha512-vbRorB5FUQWvla16U8R/qgaFIya2qGzwDrNmCZuYKrbdSUMG6I1ZCGQRefkRVhuOkIGVne7BQ35DSfo1qvJqFg==}
    engines: {node: '>=0.8.0'}

  fast-glob@3.3.3:
    resolution: {integrity: sha512-7MptL8U0cqcFdzIzwOTHoilX9x5BrNqye7Z/LuC7kCMRio1EMSyqRK3BEAUD7sXRq4iT4AzTVuZdhgQ2TCvYLg==}
    engines: {node: '>=8.6.0'}

  fastq@1.17.1:
    resolution: {integrity: sha512-sRVD3lWVIXWg6By68ZN7vho9a1pQcN/WBFaAAsDDFzlJjvoGx0P8z7V1t72grFJfJhu3YPZBuu25f7Kaw2jN1w==}

  fdir@6.4.3:
    resolution: {integrity: sha512-PMXmW2y1hDDfTSRc9gaXIuCCRpuoz3Kaz8cUelp3smouvfT632ozg2vrT6lJsHKKOF59YLbOGfAWGUcKEfRMQw==}
    peerDependencies:
      picomatch: ^3 || ^4
    peerDependenciesMeta:
      picomatch:
        optional: true

  fill-range@7.0.1:
    resolution: {integrity: sha512-qOo9F+dMUmC2Lcb4BbVvnKJxTPjCm+RRpe4gDuGrzkL7mEVl/djYSu2OdQ2Pa302N4oqkSg9ir6jaLWJ2USVpQ==}
    engines: {node: '>=8'}

  fill-range@7.1.1:
    resolution: {integrity: sha512-YsGpe3WHLK8ZYi4tWDg2Jy3ebRz2rXowDxnld4bkQB00cc/1Zw9AWnC0i9ztDJitivtQvaI9KaLyKrc+hBW0yg==}
    engines: {node: '>=8'}

  fsevents@2.3.2:
    resolution: {integrity: sha512-xiqMQR4xAeHTuB9uWm+fFRcIOgKBMiOBP+eXiyT7jsgVCq1bkVygt00oASowB7EdtpOHaaPgKt812P9ab+DDKA==}
    engines: {node: ^8.16.0 || ^10.6.0 || >=11.0.0}
    os: [darwin]

  fsevents@2.3.3:
    resolution: {integrity: sha512-5xoDfX+fL7faATnagmWPpbFtwh/R77WmMMqqHGS65C3vvB0YHrgF+B1YmZ3441tMj5n63k0212XNoJwzlhffQw==}
    engines: {node: ^8.16.0 || ^10.6.0 || >=11.0.0}
    os: [darwin]

  glob-parent@5.1.2:
    resolution: {integrity: sha512-AOIgSQCepiJYwP3ARnGx+5VnTu2HBYdzbGP45eLw1vr3zB3vZLeyed1sC9hnbcOc9/SrMyM5RPQrkGz4aS9Zow==}
    engines: {node: '>= 6'}

  has-flag@3.0.0:
    resolution: {integrity: sha512-sKJf1+ceQBr4SMkvQnBDNDtf4TXpVhVGateu0t918bl30FnbE2m4vNLX+VWe/dpjlb+HugGYzW7uQXH98HPEYw==}
    engines: {node: '>=4'}

  html-entities@2.5.2:
    resolution: {integrity: sha512-K//PSRMQk4FZ78Kyau+mZurHn3FH0Vwr+H36eE0rPbeYkRRi9YxceYPhuN60UwWorxyKHhqoAJl2OFKa4BVtaA==}

  hyperdyperid@1.2.0:
    resolution: {integrity: sha512-Y93lCzHYgGWdrJ66yIktxiaGULYc6oGiABxhcO5AufBeOyoIdZF7bIfLaOrbM0iGIOXQQgxxRrFEnb+Y6w1n4A==}
    engines: {node: '>=10.18'}

  is-binary-path@2.1.0:
    resolution: {integrity: sha512-ZMERYes6pDydyuGidse7OsHxtbI7WVeUEozgR/g7rd0xUimYNlvZRE/K2MgZTjWy725IfelLeVcEM97mmtRGXw==}
    engines: {node: '>=8'}

  is-extglob@2.1.1:
    resolution: {integrity: sha512-SbKbANkN603Vi4jEZv49LeVJMn4yGwsbzZworEoyEiutsN3nJYdbO36zfhGJ6QEDpOZIFkDtnq5JRxmvl3jsoQ==}
    engines: {node: '>=0.10.0'}

  is-glob@4.0.3:
    resolution: {integrity: sha512-xelSayHH36ZgE7ZWhli7pW34hNbNl8Ojv5KVmkJD4hBdD3th8Tfk9vYasLM+mXWOZhFkgZfxhLSnrwRr4elSSg==}
    engines: {node: '>=0.10.0'}

  is-number@7.0.0:
    resolution: {integrity: sha512-41Cifkg6e8TylSpdtTpeLVMqvSBEVzTttHvERD741+pnZ8ANv0004MRL43QKPDlK9cGvNp6NZWZUBlbGXYxxng==}
    engines: {node: '>=0.12.0'}

  isomorphic-rslog@0.0.6:
    resolution: {integrity: sha512-HM0q6XqQ93psDlqvuViNs/Ea3hAyGDkIdVAHlrEocjjAwGrs1fZ+EdQjS9eUPacnYB7Y8SoDdSY3H8p3ce205A==}
    engines: {node: '>=14.17.6'}

  jiti@2.4.2:
    resolution: {integrity: sha512-rg9zJN+G4n2nfJl5MW3BMygZX56zKPNVEYYqq7adpmMh4Jn2QNEwhvQlFy6jPVdcod7txZtKHWnyZiA3a0zP7A==}
    hasBin: true

  js-tokens@4.0.0:
    resolution: {integrity: sha512-RdJUflcE3cUzKiMqQgsCu06FPu9UdIJO0beYbPhHN4k6apgJtifcoCtT9bcxOpYBtpD2kCM6Sbzg4CausW/PKQ==}

  json5@2.2.3:
    resolution: {integrity: sha512-XmOWe7eyHYH14cLdVPoyg+GOH3rYX++KpzrylJwSW98t3Nk+U8XOl8FWKOgwtzdb8lXGf6zYwDUzeHMWfxasyg==}
    engines: {node: '>=6'}
    hasBin: true

  loose-envify@1.4.0:
    resolution: {integrity: sha512-lyuxPGr/Wfhrlem2CL/UcnUc1zcqKAImBDzukY7Y5F/yQiNdko6+fRLevlw1HgMySw7f611UIY408EtxRSoK3Q==}
    hasBin: true

  magic-string@0.30.17:
    resolution: {integrity: sha512-sNPKHvyjVf7gyjwS4xGTaW/mCnF8wnjtifKBEhxfZ7E/S8tQ0rssrwGNn6q8JH/ohItJfSQp9mBtQYuTlH5QnA==}

  memfs@4.14.0:
    resolution: {integrity: sha512-JUeY0F/fQZgIod31Ja1eJgiSxLn7BfQlCnqhwXFBzFHEw63OdLK7VJUJ7bnzNsWgCyoUP5tEp1VRY8rDaYzqOA==}
    engines: {node: '>= 4.0.0'}

  merge2@1.4.1:
    resolution: {integrity: sha512-8q7VEgMJW4J8tcfVPy8g09NcQwZdbwFEqhe/WZkoIzjn/3TGDwtOCYtXGxA3O8tPzpczCCDgv+P2P5y00ZJOOg==}
    engines: {node: '>= 8'}

  micromatch@4.0.8:
    resolution: {integrity: sha512-PXwfBhYu0hBCPw8Dn0E+WDYb7af3dSLVWKi3HGv84IdF4TyFoC0ysxFd0Goxw7nSv4T/PzEJQxsYsEiFCKo2BA==}
    engines: {node: '>=8.6'}

  minimatch@9.0.5:
    resolution: {integrity: sha512-G6T0ZX48xgozx7587koeX9Ys2NYy6Gmv//P89sEte9V9whIapMNF4idKxnW2QtCcLiTWlb/wfCabAtAFWhhBow==}
    engines: {node: '>=16 || 14 >=14.17'}

  minimist@1.2.8:
    resolution: {integrity: sha512-2yyAR8qBkN3YuheJanUpWC5U3bb5osDywNB8RzDVlDwDHbocAJveqqj1u8+SVD7jkWT4yvsHCpWqqWqAxb0zCA==}

  nano-staged@0.8.0:
    resolution: {integrity: sha512-QSEqPGTCJbkHU2yLvfY6huqYPjdBrOaTMKatO1F8nCSrkQGXeKwtCiCnsdxnuMhbg3DTVywKaeWLGCE5oJpq0g==}
    engines: {node: ^12.20.0 || ^14.13.1 || >=16.0.0}
    hasBin: true

  normalize-path@3.0.0:
    resolution: {integrity: sha512-6eZs5Ls3WtCisHWp9S2GUy8dqkpGi4BVSz3GaqiE6ezub0512ESztXUwUB6C6IKbQkY2Pnb/mD4WYojCRwcwLA==}
    engines: {node: '>=0.10.0'}

  picocolors@1.0.0:
    resolution: {integrity: sha512-1fygroTLlHu66zi26VoTDv8yRgm0Fccecssto+MhsZ0D/DGW2sm8E8AjW7NU5VVTRt5GxbeZ5qBuJr+HyLYkjQ==}

  picocolors@1.1.1:
    resolution: {integrity: sha512-xceH2snhtb5M9liqDsmEw56le376mTZkEX/jEb/RxNFyegNul7eNslCXP9FDj/Lcu0X8KEyMceP2ntpaHrDEVA==}

  picomatch@2.3.1:
    resolution: {integrity: sha512-JU3teHTNjmE2VCGFzuY8EXzCDVwEqB2a8fsIvwaStHhAWJEeVd1o1QD80CU6+ZdEXXSLbSsuLwJjkCBWqRQUVA==}
    engines: {node: '>=8.6'}

  picomatch@4.0.2:
    resolution: {integrity: sha512-M7BAV6Rlcy5u+m6oPhAPFgJTzAioX/6B0DxyvDlo9l8+T3nLKbrczg2WLUyzd45L8RqfUMyGPzekbMvX2Ldkwg==}
    engines: {node: '>=12'}

  playwright-core@1.50.1:
    resolution: {integrity: sha512-ra9fsNWayuYumt+NiM069M6OkcRb1FZSK8bgi66AtpFoWkg2+y0bJSNmkFrWhMbEBbVKC/EruAHH3g0zmtwGmQ==}
    engines: {node: '>=18'}
    hasBin: true

  playwright@1.50.1:
    resolution: {integrity: sha512-G8rwsOQJ63XG6BbKj2w5rHeavFjy5zynBA9zsJMMtBoe/Uf757oG12NXz6e6OirF7RCrTVAKFXbLmn1RbL7Qaw==}
    engines: {node: '>=18'}
    hasBin: true

  queue-microtask@1.2.3:
    resolution: {integrity: sha512-NuaNSa6flKT5JaSYQzJok04JzTL1CA6aGhv5rfLW3PgqA+M2ChpZQnAC8h8i4ZFkBS8X5RqkDBHA7r4hej3K9A==}

  react-dom@18.3.1:
    resolution: {integrity: sha512-5m4nQKp+rZRb09LNH59GM4BxTh9251/ylbKIbpe7TpGxfJ+9kv6BLkLBXIjjspbgbnIBNqlI23tRnTWT0snUIw==}
    peerDependencies:
      react: ^18.3.1

  react-refresh@0.16.0:
    resolution: {integrity: sha512-FPvF2XxTSikpJxcr+bHut2H4gJ17+18Uy20D5/F+SKzFap62R3cM5wH6b8WN3LyGSYeQilLEcJcR1fjBSI2S1A==}
    engines: {node: '>=0.10.0'}

  react@18.3.1:
    resolution: {integrity: sha512-wS+hAgJShR0KhEvPJArfuPVN1+Hz1t0Y6n5jLrGQbkb4urgPE/0Rve+1kMB1v/oWgHgm4WIcV+i7F2pTVj+2iQ==}
    engines: {node: '>=0.10.0'}

  readdirp@3.6.0:
    resolution: {integrity: sha512-hOS089on8RduqdbhvQ5Z37A0ESjsqz6qnRcffsMU3495FuTdqSm+7bhJ29JvIOsBDEEnan5DPu9t3To9VRlMzA==}
    engines: {node: '>=8.10.0'}

  reduce-configs@1.1.0:
    resolution: {integrity: sha512-DQxy6liNadHfrLahZR7lMdc227NYVaQZhY5FMsxLEjX8X0SCuH+ESHSLCoz2yDZFq1/CLMDOAHdsEHwOEXKtvg==}

  reusify@1.0.4:
    resolution: {integrity: sha512-U9nH88a3fc/ekCF1l0/UP1IosiuIjyTh7hBvXVMHYgVcfGvt897Xguj2UOLDeI5BG2m7/uwyaLVT6fbtCwTyzw==}
    engines: {iojs: '>=1.0.0', node: '>=0.10.0'}

  rsbuild-plugin-dts@0.5.2:
    resolution: {integrity: sha512-DGYjgQ2bgbVedZLOeETvPa1QyNeWJaLIQtTp2lOxZs3SXG+fj4BpeOeKohwQNOa+YyfRRmu4z4T9xrfRucr4OA==}
    engines: {node: '>=16.7.0'}
    peerDependencies:
      '@microsoft/api-extractor': ^7
      '@rsbuild/core': 1.x
      typescript: ^5
    peerDependenciesMeta:
      '@microsoft/api-extractor':
        optional: true
      typescript:
        optional: true

  run-parallel@1.2.0:
    resolution: {integrity: sha512-5l4VyZR86LZ/lDxZTR6jqL8AFE2S0IFLMP26AbjsLVADxHdhB/c0GUsH+y39UfCi3dzz8OlQuPmnaJOMoDHQBA==}

  scheduler@0.23.2:
    resolution: {integrity: sha512-UOShsPwz7NrMUqhR6t0hWjFduvOzbtv7toDH1/hIrfRNIDBnnBWd0CwJTGvTpngVlmwGCdP9/Zl/tVrDqcuYzQ==}

  simple-git-hooks@2.11.1:
    resolution: {integrity: sha512-tgqwPUMDcNDhuf1Xf6KTUsyeqGdgKMhzaH4PAZZuzguOgTl5uuyeYe/8mWgAr6IBxB5V06uqEf6Dy37gIWDtDg==}
    hasBin: true

  stackframe@1.3.4:
    resolution: {integrity: sha512-oeVtt7eWQS+Na6F//S4kJ2K2VbRlS9D43mAlMyVpVWovy9o+jfgH8O9agzANzaiLjclA0oYzUXEM4PurhSUChw==}

  strip-bom@3.0.0:
    resolution: {integrity: sha512-vavAMRXOgBVNF6nyEEmL3DBK19iRpDcoIwW+swQ+CbGiu7lju6t+JklA1MHweoWtadgt4ISVUsXLyDq34ddcwA==}
    engines: {node: '>=4'}

  supports-color@5.5.0:
    resolution: {integrity: sha512-QjVjwdXIt408MIiAqCX4oUKsgU2EqAGzs2Ppkm4aQYbjm+ZEWEcW4SfFNTr4uMNZma0ey4f5lgLrkB0aX0QMow==}
    engines: {node: '>=4'}

  thingies@1.21.0:
    resolution: {integrity: sha512-hsqsJsFMsV+aD4s3CWKk85ep/3I9XzYV/IXaSouJMYIoDlgyi11cBhsqYe9/geRfB0YIikBQg6raRaM+nIMP9g==}
    engines: {node: '>=10.18'}
    peerDependencies:
      tslib: ^2

  tinyglobby@0.2.12:
    resolution: {integrity: sha512-qkf4trmKSIiMTs/E63cxH+ojC2unam7rJ0WrauAzpT3ECNTxGRMlaXxVbfxMUC/w0LaYk6jQ4y/nGR9uBO3tww==}
    engines: {node: '>=12.0.0'}

  to-regex-range@5.0.1:
    resolution: {integrity: sha512-65P7iz6X5yEr1cwcgvQxbbIw7Uk3gOy5dIdtZ4rDveLqhrdJP+Li/Hx6tyK0NEb+2GCyneCMJiGqrADCSNk8sQ==}
    engines: {node: '>=8.0'}

  tree-dump@1.0.2:
    resolution: {integrity: sha512-dpev9ABuLWdEubk+cIaI9cHwRNNDjkBBLXTwI4UCUFdQ5xXKqNXoK4FEciw/vxf+NQ7Cb7sGUyeUtORvHIdRXQ==}
    engines: {node: '>=10.0'}
    peerDependencies:
      tslib: '2'

  ts-checker-rspack-plugin@1.1.1:
    resolution: {integrity: sha512-BlpPqnfAmV0TcDg58H+1qV8Zb57ilv0x+ajjnxrVQ6BWgC8HzAdc+TycqDOJ4sZZYIV+hywQGozZFGklzbCR6A==}
    engines: {node: '>=16.0.0'}
    peerDependencies:
      '@rspack/core': ^1.0.0
      typescript: '>=3.8.0'
    peerDependenciesMeta:
      '@rspack/core':
        optional: true

  tsconfig-paths@4.2.0:
    resolution: {integrity: sha512-NoZ4roiN7LnbKn9QqE1amc9DJfzvZXxF4xDavcOWt1BPkdx+m+0gJuPM+S0vCe7zTJMYUP0R8pO2XMr+Y8oLIg==}
    engines: {node: '>=6'}

  tslib@2.8.1:
    resolution: {integrity: sha512-oJFu94HQb+KVduSUQL7wnpmqnfmLsOA/nAh6b6EH0wCEoK0/mPeXU6c3wKDV83MkOuHPRHtSXKKU99IBazS/2w==}

  typescript@5.8.2:
    resolution: {integrity: sha512-aJn6wq13/afZp/jT9QZmwEjDqqvSGp1VT5GVg+f/t6/oVyrgXM6BY1h9BRh/O5p3PlUPAe+WuiEZOmb/49RqoQ==}
    engines: {node: '>=14.17'}
    hasBin: true

  undici-types@6.20.0:
    resolution: {integrity: sha512-Ny6QZ2Nju20vw1SRHe3d9jVu6gJ+4e3+MMpqu7pqE5HT6WsTSlce++GQmK5UXS8mzV8DSYHrQH+Xrf2jVcuKNg==}

  yaml@2.7.0:
    resolution: {integrity: sha512-+hSoy/QHluxmC9kCIJyL/uyFmLmc+e5CFR5Wa+bpIhIj85LVb9ZH2nVnqrHoSvKogwODv0ClqZkmiSSaIH5LTA==}
    engines: {node: '>= 14'}
    hasBin: true

snapshots:

  '@ast-grep/napi-darwin-arm64@0.35.0':
    optional: true

  '@ast-grep/napi-darwin-x64@0.35.0':
    optional: true

  '@ast-grep/napi-linux-arm64-gnu@0.35.0':
    optional: true

  '@ast-grep/napi-linux-arm64-musl@0.35.0':
    optional: true

  '@ast-grep/napi-linux-x64-gnu@0.35.0':
    optional: true

  '@ast-grep/napi-linux-x64-musl@0.35.0':
    optional: true

  '@ast-grep/napi-win32-arm64-msvc@0.35.0':
    optional: true

  '@ast-grep/napi-win32-ia32-msvc@0.35.0':
    optional: true

  '@ast-grep/napi-win32-x64-msvc@0.35.0':
    optional: true

  '@ast-grep/napi@0.35.0':
    optionalDependencies:
      '@ast-grep/napi-darwin-arm64': 0.35.0
      '@ast-grep/napi-darwin-x64': 0.35.0
      '@ast-grep/napi-linux-arm64-gnu': 0.35.0
      '@ast-grep/napi-linux-arm64-musl': 0.35.0
      '@ast-grep/napi-linux-x64-gnu': 0.35.0
      '@ast-grep/napi-linux-x64-musl': 0.35.0
      '@ast-grep/napi-win32-arm64-msvc': 0.35.0
      '@ast-grep/napi-win32-ia32-msvc': 0.35.0
      '@ast-grep/napi-win32-x64-msvc': 0.35.0

  '@babel/code-frame@7.24.7':
    dependencies:
      '@babel/highlight': 7.24.7
      picocolors: 1.1.1

  '@babel/helper-validator-identifier@7.24.7': {}

  '@babel/highlight@7.24.7':
    dependencies:
      '@babel/helper-validator-identifier': 7.24.7
      chalk: 2.4.2
      js-tokens: 4.0.0
      picocolors: 1.1.1

  '@biomejs/biome@1.9.4':
    optionalDependencies:
      '@biomejs/cli-darwin-arm64': 1.9.4
      '@biomejs/cli-darwin-x64': 1.9.4
      '@biomejs/cli-linux-arm64': 1.9.4
      '@biomejs/cli-linux-arm64-musl': 1.9.4
      '@biomejs/cli-linux-x64': 1.9.4
      '@biomejs/cli-linux-x64-musl': 1.9.4
      '@biomejs/cli-win32-arm64': 1.9.4
      '@biomejs/cli-win32-x64': 1.9.4

  '@biomejs/cli-darwin-arm64@1.9.4':
    optional: true

  '@biomejs/cli-darwin-x64@1.9.4':
    optional: true

  '@biomejs/cli-linux-arm64-musl@1.9.4':
    optional: true

  '@biomejs/cli-linux-arm64@1.9.4':
    optional: true

  '@biomejs/cli-linux-x64-musl@1.9.4':
    optional: true

  '@biomejs/cli-linux-x64@1.9.4':
    optional: true

  '@biomejs/cli-win32-arm64@1.9.4':
    optional: true

  '@biomejs/cli-win32-x64@1.9.4':
    optional: true

  '@jridgewell/sourcemap-codec@1.5.0': {}

  '@jsonjoy.com/base64@1.1.2(tslib@2.8.1)':
    dependencies:
      tslib: 2.8.1

  '@jsonjoy.com/json-pack@1.1.0(tslib@2.8.1)':
    dependencies:
      '@jsonjoy.com/base64': 1.1.2(tslib@2.8.1)
      '@jsonjoy.com/util': 1.5.0(tslib@2.8.1)
      hyperdyperid: 1.2.0
      thingies: 1.21.0(tslib@2.8.1)
      tslib: 2.8.1

  '@jsonjoy.com/util@1.5.0(tslib@2.8.1)':
    dependencies:
      tslib: 2.8.1

  '@module-federation/error-codes@0.8.4': {}

  '@module-federation/runtime-tools@0.8.4':
    dependencies:
      '@module-federation/runtime': 0.8.4
      '@module-federation/webpack-bundler-runtime': 0.8.4

  '@module-federation/runtime@0.8.4':
    dependencies:
      '@module-federation/error-codes': 0.8.4
      '@module-federation/sdk': 0.8.4

  '@module-federation/sdk@0.8.4':
    dependencies:
      isomorphic-rslog: 0.0.6

  '@module-federation/webpack-bundler-runtime@0.8.4':
    dependencies:
      '@module-federation/runtime': 0.8.4
      '@module-federation/sdk': 0.8.4

  '@nodelib/fs.scandir@2.1.5':
    dependencies:
      '@nodelib/fs.stat': 2.0.5
      run-parallel: 1.2.0

  '@nodelib/fs.stat@2.0.5': {}

  '@nodelib/fs.walk@1.2.8':
    dependencies:
      '@nodelib/fs.scandir': 2.1.5
      fastq: 1.17.1

  '@playwright/test@1.50.1':
    dependencies:
      playwright: 1.50.1

  '@rsbuild/core@1.2.14':
    dependencies:
      '@rspack/core': 1.2.5(@swc/helpers@0.5.15)
      '@rspack/lite-tapable': 1.0.1
      '@swc/helpers': 0.5.15
      core-js: 3.40.0
      jiti: 2.4.2
    transitivePeerDependencies:
      - '@rspack/tracing'

  '@rsbuild/plugin-react@1.1.1(@rsbuild/core@1.2.14)':
    dependencies:
      '@rsbuild/core': 1.2.14
      '@rspack/plugin-react-refresh': 1.0.1(react-refresh@0.16.0)
      react-refresh: 0.16.0

  '@rsbuild/plugin-type-check@1.2.1(@rsbuild/core@1.2.14)(@rspack/core@1.2.5(@swc/helpers@0.5.15))(typescript@5.8.2)':
    dependencies:
      deepmerge: 4.3.1
      json5: 2.2.3
      reduce-configs: 1.1.0
      ts-checker-rspack-plugin: 1.1.1(@rspack/core@1.2.5(@swc/helpers@0.5.15))(typescript@5.8.2)
    optionalDependencies:
      '@rsbuild/core': 1.2.14
    transitivePeerDependencies:
      - '@rspack/core'
      - typescript

  '@rslib/core@0.5.2(typescript@5.8.2)':
    dependencies:
      '@rsbuild/core': 1.2.14
      rsbuild-plugin-dts: 0.5.2(@rsbuild/core@1.2.14)(typescript@5.8.2)
      tinyglobby: 0.2.12
    optionalDependencies:
      typescript: 5.8.2
    transitivePeerDependencies:
      - '@rspack/tracing'

  '@rspack/binding-darwin-arm64@1.2.5':
    optional: true

  '@rspack/binding-darwin-x64@1.2.5':
    optional: true

  '@rspack/binding-linux-arm64-gnu@1.2.5':
    optional: true

  '@rspack/binding-linux-arm64-musl@1.2.5':
    optional: true

  '@rspack/binding-linux-x64-gnu@1.2.5':
    optional: true

  '@rspack/binding-linux-x64-musl@1.2.5':
    optional: true

  '@rspack/binding-win32-arm64-msvc@1.2.5':
    optional: true

  '@rspack/binding-win32-ia32-msvc@1.2.5':
    optional: true

  '@rspack/binding-win32-x64-msvc@1.2.5':
    optional: true

  '@rspack/binding@1.2.5':
    optionalDependencies:
      '@rspack/binding-darwin-arm64': 1.2.5
      '@rspack/binding-darwin-x64': 1.2.5
      '@rspack/binding-linux-arm64-gnu': 1.2.5
      '@rspack/binding-linux-arm64-musl': 1.2.5
      '@rspack/binding-linux-x64-gnu': 1.2.5
      '@rspack/binding-linux-x64-musl': 1.2.5
      '@rspack/binding-win32-arm64-msvc': 1.2.5
      '@rspack/binding-win32-ia32-msvc': 1.2.5
      '@rspack/binding-win32-x64-msvc': 1.2.5

  '@rspack/core@1.2.5(@swc/helpers@0.5.15)':
    dependencies:
      '@module-federation/runtime-tools': 0.8.4
      '@rspack/binding': 1.2.5
      '@rspack/lite-tapable': 1.0.1
      caniuse-lite: 1.0.30001650
    optionalDependencies:
      '@swc/helpers': 0.5.15

  '@rspack/lite-tapable@1.0.1': {}

  '@rspack/plugin-react-refresh@1.0.1(react-refresh@0.16.0)':
    dependencies:
      error-stack-parser: 2.1.4
      html-entities: 2.5.2
    optionalDependencies:
      react-refresh: 0.16.0

  '@swc/helpers@0.5.15':
    dependencies:
      tslib: 2.8.1

  '@types/node@22.13.8':
    dependencies:
      undici-types: 6.20.0

  '@types/prop-types@15.7.12': {}

  '@types/react-dom@18.3.5(@types/react@18.3.18)':
    dependencies:
      '@types/react': 18.3.18

  '@types/react@18.3.18':
    dependencies:
      '@types/prop-types': 15.7.12
      csstype: 3.1.3

  ansi-styles@3.2.1:
    dependencies:
      color-convert: 1.9.3

  anymatch@3.1.3:
    dependencies:
      normalize-path: 3.0.0
      picomatch: 2.3.1

  balanced-match@1.0.2: {}

  binary-extensions@2.3.0: {}

  brace-expansion@2.0.1:
    dependencies:
      balanced-match: 1.0.2

  braces@3.0.2:
    dependencies:
      fill-range: 7.0.1

  braces@3.0.3:
    dependencies:
      fill-range: 7.1.1

  caniuse-lite@1.0.30001650: {}

  chalk@2.4.2:
    dependencies:
      ansi-styles: 3.2.1
      escape-string-regexp: 1.0.5
      supports-color: 5.5.0

  chokidar@3.6.0:
    dependencies:
      anymatch: 3.1.3
      braces: 3.0.2
      glob-parent: 5.1.2
      is-binary-path: 2.1.0
      is-glob: 4.0.3
      normalize-path: 3.0.0
      readdirp: 3.6.0
    optionalDependencies:
      fsevents: 2.3.3

  color-convert@1.9.3:
    dependencies:
      color-name: 1.1.3

  color-name@1.1.3: {}

  core-js@3.40.0: {}

  csstype@3.1.3: {}

  deepmerge@4.3.1: {}

  error-stack-parser@2.1.4:
    dependencies:
      stackframe: 1.3.4

  escape-string-regexp@1.0.5: {}

  fast-glob@3.3.3:
    dependencies:
      '@nodelib/fs.stat': 2.0.5
      '@nodelib/fs.walk': 1.2.8
      glob-parent: 5.1.2
      merge2: 1.4.1
      micromatch: 4.0.8

  fastq@1.17.1:
    dependencies:
      reusify: 1.0.4

  fdir@6.4.3(picomatch@4.0.2):
    optionalDependencies:
      picomatch: 4.0.2

  fill-range@7.0.1:
    dependencies:
      to-regex-range: 5.0.1

  fill-range@7.1.1:
    dependencies:
      to-regex-range: 5.0.1

  fsevents@2.3.2:
    optional: true

  fsevents@2.3.3:
    optional: true

  glob-parent@5.1.2:
    dependencies:
      is-glob: 4.0.3

  has-flag@3.0.0: {}

  html-entities@2.5.2: {}

  hyperdyperid@1.2.0: {}

  is-binary-path@2.1.0:
    dependencies:
      binary-extensions: 2.3.0

  is-extglob@2.1.1: {}

  is-glob@4.0.3:
    dependencies:
      is-extglob: 2.1.1

  is-number@7.0.0: {}

  isomorphic-rslog@0.0.6: {}

  jiti@2.4.2: {}

  js-tokens@4.0.0: {}

  json5@2.2.3: {}

  loose-envify@1.4.0:
    dependencies:
      js-tokens: 4.0.0

  magic-string@0.30.17:
    dependencies:
      '@jridgewell/sourcemap-codec': 1.5.0

  memfs@4.14.0:
    dependencies:
      '@jsonjoy.com/json-pack': 1.1.0(tslib@2.8.1)
      '@jsonjoy.com/util': 1.5.0(tslib@2.8.1)
      tree-dump: 1.0.2(tslib@2.8.1)
      tslib: 2.8.1

  merge2@1.4.1: {}

  micromatch@4.0.8:
    dependencies:
      braces: 3.0.3
      picomatch: 2.3.1

  minimatch@9.0.5:
    dependencies:
      brace-expansion: 2.0.1

  minimist@1.2.8: {}

  nano-staged@0.8.0:
    dependencies:
      picocolors: 1.0.0

  normalize-path@3.0.0: {}

  picocolors@1.0.0: {}

  picocolors@1.1.1: {}

  picomatch@2.3.1: {}

  picomatch@4.0.2: {}

  playwright-core@1.50.1: {}

  playwright@1.50.1:
    dependencies:
      playwright-core: 1.50.1
    optionalDependencies:
      fsevents: 2.3.2

  queue-microtask@1.2.3: {}

  react-dom@18.3.1(react@18.3.1):
    dependencies:
      loose-envify: 1.4.0
      react: 18.3.1
      scheduler: 0.23.2

  react-refresh@0.16.0: {}

  react@18.3.1:
    dependencies:
      loose-envify: 1.4.0

  readdirp@3.6.0:
    dependencies:
      picomatch: 2.3.1

  reduce-configs@1.1.0: {}

  reusify@1.0.4: {}

  rsbuild-plugin-dts@0.5.2(@rsbuild/core@1.2.14)(typescript@5.8.2):
    dependencies:
      '@ast-grep/napi': 0.35.0
      '@rsbuild/core': 1.2.14
      magic-string: 0.30.17
      picocolors: 1.1.1
      tinyglobby: 0.2.12
      tsconfig-paths: 4.2.0
    optionalDependencies:
      typescript: 5.8.2

  run-parallel@1.2.0:
    dependencies:
      queue-microtask: 1.2.3

  scheduler@0.23.2:
    dependencies:
      loose-envify: 1.4.0

  simple-git-hooks@2.11.1: {}

  stackframe@1.3.4: {}

  strip-bom@3.0.0: {}

  supports-color@5.5.0:
    dependencies:
      has-flag: 3.0.0

  thingies@1.21.0(tslib@2.8.1):
    dependencies:
      tslib: 2.8.1

  tinyglobby@0.2.12:
    dependencies:
      fdir: 6.4.3(picomatch@4.0.2)
      picomatch: 4.0.2

  to-regex-range@5.0.1:
    dependencies:
      is-number: 7.0.0

  tree-dump@1.0.2(tslib@2.8.1):
    dependencies:
      tslib: 2.8.1

  ts-checker-rspack-plugin@1.1.1(@rspack/core@1.2.5(@swc/helpers@0.5.15))(typescript@5.8.2):
    dependencies:
      '@babel/code-frame': 7.24.7
      '@rspack/lite-tapable': 1.0.1
      chokidar: 3.6.0
      memfs: 4.14.0
      minimatch: 9.0.5
      picocolors: 1.1.1
      typescript: 5.8.2
    optionalDependencies:
      '@rspack/core': 1.2.5(@swc/helpers@0.5.15)

  tsconfig-paths@4.2.0:
    dependencies:
      json5: 2.2.3
      minimist: 1.2.8
      strip-bom: 3.0.0

  tslib@2.8.1: {}

  typescript@5.8.2: {}

  undici-types@6.20.0: {}

  yaml@2.7.0: {}
